// !$*UTF8*$!
{
	archiveVersion = 1;
	classes = {
	};
	objectVersion = 50;
	objects = {

/* Begin PBXBuildFile section */
		F29737562641712A00FD21CB /* AppDelegate.swift in Sources */ = {isa = PBXBuildFile; fileRef = F29737552641712A00FD21CB /* AppDelegate.swift */; };
		F29737582641712A00FD21CB /* SceneDelegate.swift in Sources */ = {isa = PBXBuildFile; fileRef = F29737572641712A00FD21CB /* SceneDelegate.swift */; };
		F297375D2641712A00FD21CB /* Main.storyboard in Resources */ = {isa = PBXBuildFile; fileRef = F297375B2641712A00FD21CB /* Main.storyboard */; };
		F297375F2641712B00FD21CB /* Assets.xcassets in Resources */ = {isa = PBXBuildFile; fileRef = F297375E2641712B00FD21CB /* Assets.xcassets */; };
		F29737622641712B00FD21CB /* LaunchScreen.storyboard in Resources */ = {isa = PBXBuildFile; fileRef = F29737602641712B00FD21CB /* LaunchScreen.storyboard */; };
		F297376A264172CB00FD21CB /* TRAStationTableViewController.swift in Sources */ = {isa = PBXBuildFile; fileRef = F2973769264172CB00FD21CB /* TRAStationTableViewController.swift */; };
		F297376D2641747F00FD21CB /* StationDetailViewController.swift in Sources */ = {isa = PBXBuildFile; fileRef = F297376C2641747F00FD21CB /* StationDetailViewController.swift */; };
		F297376F2641787600FD21CB /* NorthTrainViewController.swift in Sources */ = {isa = PBXBuildFile; fileRef = F297376E2641787600FD21CB /* NorthTrainViewController.swift */; };
		F29737712641789300FD21CB /* SouthTrainViewController.swift in Sources */ = {isa = PBXBuildFile; fileRef = F29737702641789300FD21CB /* SouthTrainViewController.swift */; };
		F297377326417C1500FD21CB /* StationDetailTableViewCell.swift in Sources */ = {isa = PBXBuildFile; fileRef = F297377226417C1500FD21CB /* StationDetailTableViewCell.swift */; };
		F29737752641B79500FD21CB /* TRA_API.swift in Sources */ = {isa = PBXBuildFile; fileRef = F29737742641B79500FD21CB /* TRA_API.swift */; };
/* End PBXBuildFile section */

/* Begin PBXFileReference section */
		F29737522641712A00FD21CB /* MyRailwayApp.app */ = {isa = PBXFileReference; explicitFileType = wrapper.application; includeInIndex = 0; path = MyRailwayApp.app; sourceTree = BUILT_PRODUCTS_DIR; };
		F29737552641712A00FD21CB /* AppDelegate.swift */ = {isa = PBXFileReference; lastKnownFileType = sourcecode.swift; path = AppDelegate.swift; sourceTree = "<group>"; };
		F29737572641712A00FD21CB /* SceneDelegate.swift */ = {isa = PBXFileReference; lastKnownFileType = sourcecode.swift; path = SceneDelegate.swift; sourceTree = "<group>"; };
		F297375C2641712A00FD21CB /* Base */ = {isa = PBXFileReference; lastKnownFileType = file.storyboard; name = Base; path = Base.lproj/Main.storyboard; sourceTree = "<group>"; };
		F297375E2641712B00FD21CB /* Assets.xcassets */ = {isa = PBXFileReference; lastKnownFileType = folder.assetcatalog; path = Assets.xcassets; sourceTree = "<group>"; };
		F29737612641712B00FD21CB /* Base */ = {isa = PBXFileReference; lastKnownFileType = file.storyboard; name = Base; path = Base.lproj/LaunchScreen.storyboard; sourceTree = "<group>"; };
		F29737632641712B00FD21CB /* Info.plist */ = {isa = PBXFileReference; lastKnownFileType = text.plist.xml; path = Info.plist; sourceTree = "<group>"; };
		F2973769264172CB00FD21CB /* TRAStationTableViewController.swift */ = {isa = PBXFileReference; lastKnownFileType = sourcecode.swift; path = TRAStationTableViewController.swift; sourceTree = "<group>"; };
		F297376C2641747F00FD21CB /* StationDetailViewController.swift */ = {isa = PBXFileReference; lastKnownFileType = sourcecode.swift; name = StationDetailViewController.swift; path = MyRailwayApp/StationDetailViewController.swift; sourceTree = SOURCE_ROOT; };
		F297376E2641787600FD21CB /* NorthTrainViewController.swift */ = {isa = PBXFileReference; lastKnownFileType = sourcecode.swift; name = NorthTrainViewController.swift; path = MyRailwayApp/NorthTrainViewController.swift; sourceTree = SOURCE_ROOT; };
		F29737702641789300FD21CB /* SouthTrainViewController.swift */ = {isa = PBXFileReference; lastKnownFileType = sourcecode.swift; name = SouthTrainViewController.swift; path = MyRailwayApp/SouthTrainViewController.swift; sourceTree = SOURCE_ROOT; };
		F297377226417C1500FD21CB /* StationDetailTableViewCell.swift */ = {isa = PBXFileReference; lastKnownFileType = sourcecode.swift; name = StationDetailTableViewCell.swift; path = MyRailwayApp/StationDetailTableViewCell.swift; sourceTree = SOURCE_ROOT; };
		F29737742641B79500FD21CB /* TRA_API.swift */ = {isa = PBXFileReference; lastKnownFileType = sourcecode.swift; path = TRA_API.swift; sourceTree = "<group>"; };
/* End PBXFileReference section */

/* Begin PBXFrameworksBuildPhase section */
		F297374F2641712A00FD21CB /* Frameworks */ = {
			isa = PBXFrameworksBuildPhase;
			buildActionMask = 2147483647;
			files = (
			);
			runOnlyForDeploymentPostprocessing = 0;
		};
/* End PBXFrameworksBuildPhase section */

/* Begin PBXGroup section */
		F29737492641712A00FD21CB = {
			isa = PBXGroup;
			children = (
				F297376B264172D700FD21CB /* View Controllers */,
				F29737542641712A00FD21CB /* MyRailwayApp */,
				F29737532641712A00FD21CB /* Products */,
			);
			sourceTree = "<group>";
		};
		F29737532641712A00FD21CB /* Products */ = {
			isa = PBXGroup;
			children = (
				F29737522641712A00FD21CB /* MyRailwayApp.app */,
			);
			name = Products;
			sourceTree = "<group>";
		};
		F29737542641712A00FD21CB /* MyRailwayApp */ = {
			isa = PBXGroup;
			children = (
				F29737552641712A00FD21CB /* AppDelegate.swift */,
				F29737572641712A00FD21CB /* SceneDelegate.swift */,
				F297375B2641712A00FD21CB /* Main.storyboard */,
				F29737742641B79500FD21CB /* TRA_API.swift */,
				F297375E2641712B00FD21CB /* Assets.xcassets */,
				F29737602641712B00FD21CB /* LaunchScreen.storyboard */,
				F29737632641712B00FD21CB /* Info.plist */,
			);
			path = MyRailwayApp;
			sourceTree = "<group>";
		};
		F297376B264172D700FD21CB /* View Controllers */ = {
			isa = PBXGroup;
			children = (
				F2973769264172CB00FD21CB /* TRAStationTableViewController.swift */,
				F297376C2641747F00FD21CB /* StationDetailViewController.swift */,
				F297377226417C1500FD21CB /* StationDetailTableViewCell.swift */,
				F297376E2641787600FD21CB /* NorthTrainViewController.swift */,
				F29737702641789300FD21CB /* SouthTrainViewController.swift */,
			);
			path = "View Controllers";
			sourceTree = "<group>";
		};
/* End PBXGroup section */

/* Begin PBXNativeTarget section */
		F29737512641712A00FD21CB /* MyRailwayApp */ = {
			isa = PBXNativeTarget;
			buildConfigurationList = F29737662641712B00FD21CB /* Build configuration list for PBXNativeTarget "MyRailwayApp" */;
			buildPhases = (
				F297374E2641712A00FD21CB /* Sources */,
				F297374F2641712A00FD21CB /* Frameworks */,
				F29737502641712A00FD21CB /* Resources */,
			);
			buildRules = (
			);
			dependencies = (
			);
			name = MyRailwayApp;
			productName = MyRailwayApp;
			productReference = F29737522641712A00FD21CB /* MyRailwayApp.app */;
			productType = "com.apple.product-type.application";
		};
/* End PBXNativeTarget section */

/* Begin PBXProject section */
		F297374A2641712A00FD21CB /* Project object */ = {
			isa = PBXProject;
			attributes = {
				LastSwiftUpdateCheck = 1250;
				LastUpgradeCheck = 1250;
				TargetAttributes = {
					F29737512641712A00FD21CB = {
						CreatedOnToolsVersion = 12.5;
					};
				};
			};
			buildConfigurationList = F297374D2641712A00FD21CB /* Build configuration list for PBXProject "MyRailwayApp" */;
			compatibilityVersion = "Xcode 9.3";
			developmentRegion = en;
			hasScannedForEncodings = 0;
			knownRegions = (
				en,
				Base,
			);
			mainGroup = F29737492641712A00FD21CB;
			productRefGroup = F29737532641712A00FD21CB /* Products */;
			projectDirPath = "";
			projectRoot = "";
			targets = (
				F29737512641712A00FD21CB /* MyRailwayApp */,
			);
		};
/* End PBXProject section */

/* Begin PBXResourcesBuildPhase section */
		F29737502641712A00FD21CB /* Resources */ = {
			isa = PBXResourcesBuildPhase;
			buildActionMask = 2147483647;
			files = (
				F29737622641712B00FD21CB /* LaunchScreen.storyboard in Resources */,
				F297375F2641712B00FD21CB /* Assets.xcassets in Resources */,
				F297375D2641712A00FD21CB /* Main.storyboard in Resources */,
			);
			runOnlyForDeploymentPostprocessing = 0;
		};
/* End PBXResourcesBuildPhase section */

/* Begin PBXSourcesBuildPhase section */
		F297374E2641712A00FD21CB /* Sources */ = {
			isa = PBXSourcesBuildPhase;
			buildActionMask = 2147483647;
			files = (
				F29737752641B79500FD21CB /* TRA_API.swift in Sources */,
				F297376D2641747F00FD21CB /* StationDetailViewController.swift in Sources */,
				F29737562641712A00FD21CB /* AppDelegate.swift in Sources */,
				F297377326417C1500FD21CB /* StationDetailTableViewCell.swift in Sources */,
				F297376A264172CB00FD21CB /* TRAStationTableViewController.swift in Sources */,
				F29737582641712A00FD21CB /* SceneDelegate.swift in Sources */,
				F297376F2641787600FD21CB /* NorthTrainViewController.swift in Sources */,
				F29737712641789300FD21CB /* SouthTrainViewController.swift in Sources */,
			);
			runOnlyForDeploymentPostprocessing = 0;
		};
/* End PBXSourcesBuildPhase section */

/* Begin PBXVariantGroup section */
		F297375B2641712A00FD21CB /* Main.storyboard */ = {
			isa = PBXVariantGroup;
			children = (
				F297375C2641712A00FD21CB /* Base */,
			);
			name = Main.storyboard;
			sourceTree = "<group>";
		};
		F29737602641712B00FD21CB /* LaunchScreen.storyboard */ = {
			isa = PBXVariantGroup;
			children = (
				F29737612641712B00FD21CB /* Base */,
			);
			name = LaunchScreen.storyboard;
			sourceTree = "<group>";
		};
/* End PBXVariantGroup section */

/* Begin XCBuildConfiguration section */
		F29737642641712B00FD21CB /* Debug */ = {
			isa = XCBuildConfiguration;
			buildSettings = {
				ALWAYS_SEARCH_USER_PATHS = NO;
				CLANG_ANALYZER_NONNULL = YES;
				CLANG_ANALYZER_NUMBER_OBJECT_CONVERSION = YES_AGGRESSIVE;
				CLANG_CXX_LANGUAGE_STANDARD = "gnu++14";
				CLANG_CXX_LIBRARY = "libc++";
				CLANG_ENABLE_MODULES = YES;
				CLANG_ENABLE_OBJC_ARC = YES;
				CLANG_ENABLE_OBJC_WEAK = YES;
				CLANG_WARN_BLOCK_CAPTURE_AUTORELEASING = YES;
				CLANG_WARN_BOOL_CONVERSION = YES;
				CLANG_WARN_COMMA = YES;
				CLANG_WARN_CONSTANT_CONVERSION = YES;
				CLANG_WARN_DEPRECATED_OBJC_IMPLEMENTATIONS = YES;
				CLANG_WARN_DIRECT_OBJC_ISA_USAGE = YES_ERROR;
				CLANG_WARN_DOCUMENTATION_COMMENTS = YES;
				CLANG_WARN_EMPTY_BODY = YES;
				CLANG_WARN_ENUM_CONVERSION = YES;
				CLANG_WARN_INFINITE_RECURSION = YES;
				CLANG_WARN_INT_CONVERSION = YES;
				CLANG_WARN_NON_LITERAL_NULL_CONVERSION = YES;
				CLANG_WARN_OBJC_IMPLICIT_RETAIN_SELF = YES;
				CLANG_WARN_OBJC_LITERAL_CONVERSION = YES;
				CLANG_WARN_OBJC_ROOT_CLASS = YES_ERROR;
				CLANG_WARN_QUOTED_INCLUDE_IN_FRAMEWORK_HEADER = YES;
				CLANG_WARN_RANGE_LOOP_ANALYSIS = YES;
				CLANG_WARN_STRICT_PROTOTYPES = YES;
				CLANG_WARN_SUSPICIOUS_MOVE = YES;
				CLANG_WARN_UNGUARDED_AVAILABILITY = YES_AGGRESSIVE;
				CLANG_WARN_UNREACHABLE_CODE = YES;
				CLANG_WARN__DUPLICATE_METHOD_MATCH = YES;
				COPY_PHASE_STRIP = NO;
				DEBUG_INFORMATION_FORMAT = dwarf;
				ENABLE_STRICT_OBJC_MSGSEND = YES;
				ENABLE_TESTABILITY = YES;
				GCC_C_LANGUAGE_STANDARD = gnu11;
				GCC_DYNAMIC_NO_PIC = NO;
				GCC_NO_COMMON_BLOCKS = YES;
				GCC_OPTIMIZATION_LEVEL = 0;
				GCC_PREPROCESSOR_DEFINITIONS = (
					"DEBUG=1",
					"$(inherited)",
				);
				GCC_WARN_64_TO_32_BIT_CONVERSION = YES;
				GCC_WARN_ABOUT_RETURN_TYPE = YES_ERROR;
				GCC_WARN_UNDECLARED_SELECTOR = YES;
				GCC_WARN_UNINITIALIZED_AUTOS = YES_AGGRESSIVE;
				GCC_WARN_UNUSED_FUNCTION = YES;
				GCC_WARN_UNUSED_VARIABLE = YES;
				IPHONEOS_DEPLOYMENT_TARGET = 14.5;
				MTL_ENABLE_DEBUG_INFO = INCLUDE_SOURCE;
				MTL_FAST_MATH = YES;
				ONLY_ACTIVE_ARCH = YES;
				SDKROOT = iphoneos;
				SWIFT_ACTIVE_COMPILATION_CONDITIONS = DEBUG;
				SWIFT_OPTIMIZATION_LEVEL = "-Onone";
			};
			name = Debug;
		};
		F29737652641712B00FD21CB /* Release */ = {
			isa = XCBuildConfiguration;
			buildSettings = {
				ALWAYS_SEARCH_USER_PATHS = NO;
				CLANG_ANALYZER_NONNULL = YES;
				CLANG_ANALYZER_NUMBER_OBJECT_CONVERSION = YES_AGGRESSIVE;
				CLANG_CXX_LANGUAGE_STANDARD = "gnu++14";
				CLANG_CXX_LIBRARY = "libc++";
				CLANG_ENABLE_MODULES = YES;
				CLANG_ENABLE_OBJC_ARC = YES;
				CLANG_ENABLE_OBJC_WEAK = YES;
				CLANG_WARN_BLOCK_CAPTURE_AUTORELEASING = YES;
				CLANG_WARN_BOOL_CONVERSION = YES;
				CLANG_WARN_COMMA = YES;
				CLANG_WARN_CONSTANT_CONVERSION = YES;
				CLANG_WARN_DEPRECATED_OBJC_IMPLEMENTATIONS = YES;
				CLANG_WARN_DIRECT_OBJC_ISA_USAGE = YES_ERROR;
				CLANG_WARN_DOCUMENTATION_COMMENTS = YES;
				CLANG_WARN_EMPTY_BODY = YES;
				CLANG_WARN_ENUM_CONVERSION = YES;
				CLANG_WARN_INFINITE_RECURSION = YES;
				CLANG_WARN_INT_CONVERSION = YES;
				CLANG_WARN_NON_LITERAL_NULL_CONVERSION = YES;
				CLANG_WARN_OBJC_IMPLICIT_RETAIN_SELF = YES;
				CLANG_WARN_OBJC_LITERAL_CONVERSION = YES;
				CLANG_WARN_OBJC_ROOT_CLASS = YES_ERROR;
				CLANG_WARN_QUOTED_INCLUDE_IN_FRAMEWORK_HEADER = YES;
				CLANG_WARN_RANGE_LOOP_ANALYSIS = YES;
				CLANG_WARN_STRICT_PROTOTYPES = YES;
				CLANG_WARN_SUSPICIOUS_MOVE = YES;
				CLANG_WARN_UNGUARDED_AVAILABILITY = YES_AGGRESSIVE;
				CLANG_WARN_UNREACHABLE_CODE = YES;
				CLANG_WARN__DUPLICATE_METHOD_MATCH = YES;
				COPY_PHASE_STRIP = NO;
				DEBUG_INFORMATION_FORMAT = "dwarf-with-dsym";
				ENABLE_NS_ASSERTIONS = NO;
				ENABLE_STRICT_OBJC_MSGSEND = YES;
				GCC_C_LANGUAGE_STANDARD = gnu11;
				GCC_NO_COMMON_BLOCKS = YES;
				GCC_WARN_64_TO_32_BIT_CONVERSION = YES;
				GCC_WARN_ABOUT_RETURN_TYPE = YES_ERROR;
				GCC_WARN_UNDECLARED_SELECTOR = YES;
				GCC_WARN_UNINITIALIZED_AUTOS = YES_AGGRESSIVE;
				GCC_WARN_UNUSED_FUNCTION = YES;
				GCC_WARN_UNUSED_VARIABLE = YES;
				IPHONEOS_DEPLOYMENT_TARGET = 14.5;
				MTL_ENABLE_DEBUG_INFO = NO;
				MTL_FAST_MATH = YES;
				SDKROOT = iphoneos;
				SWIFT_COMPILATION_MODE = wholemodule;
				SWIFT_OPTIMIZATION_LEVEL = "-O";
				VALIDATE_PRODUCT = YES;
			};
			name = Release;
		};
		F29737672641712B00FD21CB /* Debug */ = {
			isa = XCBuildConfiguration;
			buildSettings = {
				ASSETCATALOG_COMPILER_APPICON_NAME = AppIcon;
				ASSETCATALOG_COMPILER_GLOBAL_ACCENT_COLOR_NAME = AccentColor;
				CODE_SIGN_STYLE = Automatic;
				DEVELOPMENT_TEAM = A7Y8547SLF;
				INFOPLIST_FILE = MyRailwayApp/Info.plist;
				LD_RUNPATH_SEARCH_PATHS = (
					"$(inherited)",
					"@executable_path/Frameworks",
				);
				PRODUCT_BUNDLE_IDENTIFIER = nianchenhao.MyRailwayApp;
				PRODUCT_NAME = "$(TARGET_NAME)";
				SWIFT_VERSION = 5.0;
				TARGETED_DEVICE_FAMILY = "1,2";
			};
			name = Debug;
		};
		F29737682641712B00FD21CB /* Release */ = {
			isa = XCBuildConfiguration;
			buildSettings = {
				ASSETCATALOG_COMPILER_APPICON_NAME = AppIcon;
				ASSETCATALOG_COMPILER_GLOBAL_ACCENT_COLOR_NAME = AccentColor;
				CODE_SIGN_STYLE = Automatic;
				DEVELOPMENT_TEAM = A7Y8547SLF;
				INFOPLIST_FILE = MyRailwayApp/Info.plist;
				LD_RUNPATH_SEARCH_PATHS = (
					"$(inherited)",
					"@executable_path/Frameworks",
				);
				PRODUCT_BUNDLE_IDENTIFIER = nianchenhao.MyRailwayApp;
				PRODUCT_NAME = "$(TARGET_NAME)";
				SWIFT_VERSION = 5.0;
				TARGETED_DEVICE_FAMILY = "1,2";
			};
			name = Release;
		};
/* End XCBuildConfiguration section */

/* Begin XCConfigurationList section */
		F297374D2641712A00FD21CB /* Build configuration list for PBXProject "MyRailwayApp" */ = {
			isa = XCConfigurationList;
			buildConfigurations = (
				F29737642641712B00FD21CB /* Debug */,
				F29737652641712B00FD21CB /* Release */,
			);
			defaultConfigurationIsVisible = 0;
			defaultConfigurationName = Release;
		};
		F29737662641712B00FD21CB /* Build configuration list for PBXNativeTarget "MyRailwayApp" */ = {
			isa = XCConfigurationList;
			buildConfigurations = (
				F29737672641712B00FD21CB /* Debug */,
				F29737682641712B00FD21CB /* Release */,
			);
			defaultConfigurationIsVisible = 0;
			defaultConfigurationName = Release;
		};
/* End XCConfigurationList section */
	};
	rootObject = F297374A2641712A00FD21CB /* Project object */;
}
